lockfileVersion: 5.3

specifiers:
  '@types/node': ^16.11.6
  '@typescript-eslint/eslint-plugin': ^5.2.0
  '@typescript-eslint/parser': ^5.2.0
  builtin-modules: ^3.2.0
  esbuild: 0.13.12
  esbuild-plugin-import-glob: ^0.1.1
  obsidian: ^0.12.17
  tslib: 2.3.1
  typescript: 4.4.4

devDependencies:
  '@types/node': registry.npmmirror.com/@types/node/16.11.24
  '@typescript-eslint/eslint-plugin': registry.npmmirror.com/@typescript-eslint/eslint-plugin/5.11.0_3701a8ebb4ca26cdc0978abcffe75cd1
  '@typescript-eslint/parser': registry.npmmirror.com/@typescript-eslint/parser/5.11.0_typescript@4.4.4
  builtin-modules: registry.npmmirror.com/builtin-modules/3.2.0
  esbuild: registry.npmmirror.com/esbuild/0.13.12
  esbuild-plugin-import-glob: registry.npmmirror.com/esbuild-plugin-import-glob/0.1.1
  obsidian: registry.npmmirror.com/obsidian/0.12.17
  tslib: registry.npmmirror.com/tslib/2.3.1
  typescript: registry.npmmirror.com/typescript/4.4.4

packages:

  registry.npmmirror.com/@nodelib/fs.scandir/2.1.5:
    resolution: {integrity: sha512-vq24Bq3ym5HEQm2NKCr3yXDwjc7vTsEThRDnkp2DK9p1uqLR+DHurm/NOTo0KG7HYHU7eppKZj3MyqYuMBf62g==, registry: https://registry.npm.taobao.org/, tarball: https://registry.npmmirror.com/@nodelib/fs.scandir/-/fs.scandir-2.1.5.tgz}
    name: '@nodelib/fs.scandir'
    version: 2.1.5
    engines: {node: '>= 8'}
    dependencies:
      '@nodelib/fs.stat': registry.npmmirror.com/@nodelib/fs.stat/2.0.5
      run-parallel: registry.npmmirror.com/run-parallel/1.2.0
    dev: true

  registry.npmmirror.com/@nodelib/fs.stat/2.0.5:
    resolution: {integrity: sha512-RkhPPp2zrqDAQA/2jNhnztcPAlv64XdhIp7a7454A5ovI7Bukxgt7MX7udwAu3zg1DcpPU0rz3VV1SeaqvY4+A==, registry: https://registry.npm.taobao.org/, tarball: https://registry.npmmirror.com/@nodelib/fs.stat/-/fs.stat-2.0.5.tgz}
    name: '@nodelib/fs.stat'
    version: 2.0.5
    engines: {node: '>= 8'}
    dev: true

  registry.npmmirror.com/@nodelib/fs.walk/1.2.8:
    resolution: {integrity: sha512-oGB+UxlgWcgQkgwo8GcEGwemoTFt3FIO9ababBmaGwXIoBKZ+GTy0pP185beGg7Llih/NSHSV2XAs1lnznocSg==, registry: https://registry.npm.taobao.org/, tarball: https://registry.npmmirror.com/@nodelib/fs.walk/-/fs.walk-1.2.8.tgz}
    name: '@nodelib/fs.walk'
    version: 1.2.8
    engines: {node: '>= 8'}
    dependencies:
      '@nodelib/fs.scandir': registry.npmmirror.com/@nodelib/fs.scandir/2.1.5
      fastq: registry.npmmirror.com/fastq/1.13.0
    dev: true

  registry.npmmirror.com/@types/codemirror/0.0.108:
    resolution: {integrity: sha512-3FGFcus0P7C2UOGCNUVENqObEb4SFk+S8Dnxq7K6aIsLVs/vDtlangl3PEO0ykaKXyK56swVF6Nho7VsA44uhw==, registry: https://registry.npm.taobao.org/, tarball: https://registry.npmmirror.com/@types/codemirror/-/codemirror-0.0.108.tgz}
    name: '@types/codemirror'
    version: 0.0.108
    dependencies:
      '@types/tern': registry.npmmirror.com/@types/tern/0.23.4
    dev: true

  registry.npmmirror.com/@types/estree/0.0.51:
    resolution: {integrity: sha512-CuPgU6f3eT/XgKKPqKd/gLZV1Xmvf1a2R5POBOGQa6uv82xpls89HU5zKeVoyR8XzHd1RGNOlQlvUe3CFkjWNQ==, registry: https://registry.npm.taobao.org/, tarball: https://registry.npmmirror.com/@types/estree/-/estree-0.0.51.tgz}
    name: '@types/estree'
    version: 0.0.51
    dev: true

  registry.npmmirror.com/@types/json-schema/7.0.9:
    resolution: {integrity: sha512-qcUXuemtEu+E5wZSJHNxUXeCZhAfXKQ41D+duX+VYPde7xyEVZci+/oXKJL13tnRs9lR2pr4fod59GT6/X1/yQ==, registry: https://registry.npm.taobao.org/, tarball: https://registry.npmmirror.com/@types/json-schema/-/json-schema-7.0.9.tgz}
    name: '@types/json-schema'
    version: 7.0.9
    dev: true

  registry.npmmirror.com/@types/node/16.11.24:
    resolution: {integrity: sha512-Ezv33Rl4mIi6YdSHfIRNBd4Q9kUe5okiaw/ikvJiJDmuQZNW5kfdg7+oQPF8NO6sTcr3woIpj3jANzTXdvEZXA==, registry: https://registry.npm.taobao.org/, tarball: https://registry.npmmirror.com/@types/node/-/node-16.11.24.tgz}
    name: '@types/node'
    version: 16.11.24
    dev: true

  registry.npmmirror.com/@types/tern/0.23.4:
    resolution: {integrity: sha512-JAUw1iXGO1qaWwEOzxTKJZ/5JxVeON9kvGZ/osgZaJImBnyjyn0cjovPsf6FNLmyGY8Vw9DoXZCMlfMkMwHRWg==, registry: https://registry.npm.taobao.org/, tarball: https://registry.npmmirror.com/@types/tern/-/tern-0.23.4.tgz}
    name: '@types/tern'
    version: 0.23.4
    dependencies:
      '@types/estree': registry.npmmirror.com/@types/estree/0.0.51
    dev: true

  registry.npmmirror.com/@typescript-eslint/eslint-plugin/5.11.0_3701a8ebb4ca26cdc0978abcffe75cd1:
    resolution: {integrity: sha512-HJh33bgzXe6jGRocOj4FmefD7hRY4itgjzOrSs3JPrTNXsX7j5+nQPciAUj/1nZtwo2kAc3C75jZO+T23gzSGw==, registry: https://registry.npm.taobao.org/, tarball: https://registry.npmmirror.com/@typescript-eslint/eslint-plugin/-/eslint-plugin-5.11.0.tgz}
    id: registry.npmmirror.com/@typescript-eslint/eslint-plugin/5.11.0
    name: '@typescript-eslint/eslint-plugin'
    version: 5.11.0
    engines: {node: ^12.22.0 || ^14.17.0 || >=16.0.0}
    peerDependencies:
      '@typescript-eslint/parser': ^5.0.0
      eslint: ^6.0.0 || ^7.0.0 || ^8.0.0
      typescript: '*'
    peerDependenciesMeta:
      typescript:
        optional: true
    dependencies:
      '@typescript-eslint/parser': registry.npmmirror.com/@typescript-eslint/parser/5.11.0_typescript@4.4.4
      '@typescript-eslint/scope-manager': registry.npmmirror.com/@typescript-eslint/scope-manager/5.11.0
      '@typescript-eslint/type-utils': registry.npmmirror.com/@typescript-eslint/type-utils/5.11.0_typescript@4.4.4
      '@typescript-eslint/utils': registry.npmmirror.com/@typescript-eslint/utils/5.11.0_typescript@4.4.4
      debug: registry.npmmirror.com/debug/4.3.3
      functional-red-black-tree: registry.npmmirror.com/functional-red-black-tree/1.0.1
      ignore: registry.npmmirror.com/ignore/5.2.0
      regexpp: registry.npmmirror.com/regexpp/3.2.0
      semver: registry.npmmirror.com/semver/7.3.5
      tsutils: registry.npmmirror.com/tsutils/3.21.0_typescript@4.4.4
      typescript: registry.npmmirror.com/typescript/4.4.4
    transitivePeerDependencies:
      - supports-color
    dev: true

  registry.npmmirror.com/@typescript-eslint/parser/5.11.0_typescript@4.4.4:
    resolution: {integrity: sha512-x0DCjetHZYBRovJdr3U0zG9OOdNXUaFLJ82ehr1AlkArljJuwEsgnud+Q7umlGDFLFrs8tU8ybQDFocp/eX8mQ==, registry: https://registry.npm.taobao.org/, tarball: https://registry.npmmirror.com/@typescript-eslint/parser/-/parser-5.11.0.tgz}
    id: registry.npmmirror.com/@typescript-eslint/parser/5.11.0
    name: '@typescript-eslint/parser'
    version: 5.11.0
    engines: {node: ^12.22.0 || ^14.17.0 || >=16.0.0}
    peerDependencies:
      eslint: ^6.0.0 || ^7.0.0 || ^8.0.0
      typescript: '*'
    peerDependenciesMeta:
      typescript:
        optional: true
    dependencies:
      '@typescript-eslint/scope-manager': registry.npmmirror.com/@typescript-eslint/scope-manager/5.11.0
      '@typescript-eslint/types': registry.npmmirror.com/@typescript-eslint/types/5.11.0
      '@typescript-eslint/typescript-estree': registry.npmmirror.com/@typescript-eslint/typescript-estree/5.11.0_typescript@4.4.4
      debug: registry.npmmirror.com/debug/4.3.3
      typescript: registry.npmmirror.com/typescript/4.4.4
    transitivePeerDependencies:
      - supports-color
    dev: true

  registry.npmmirror.com/@typescript-eslint/scope-manager/5.11.0:
    resolution: {integrity: sha512-z+K4LlahDFVMww20t/0zcA7gq/NgOawaLuxgqGRVKS0PiZlCTIUtX0EJbC0BK1JtR4CelmkPK67zuCgpdlF4EA==, registry: https://registry.npm.taobao.org/, tarball: https://registry.npmmirror.com/@typescript-eslint/scope-manager/-/scope-manager-5.11.0.tgz}
    name: '@typescript-eslint/scope-manager'
    version: 5.11.0
    engines: {node: ^12.22.0 || ^14.17.0 || >=16.0.0}
    dependencies:
      '@typescript-eslint/types': registry.npmmirror.com/@typescript-eslint/types/5.11.0
      '@typescript-eslint/visitor-keys': registry.npmmirror.com/@typescript-eslint/visitor-keys/5.11.0
    dev: true

  registry.npmmirror.com/@typescript-eslint/type-utils/5.11.0_typescript@4.4.4:
    resolution: {integrity: sha512-wDqdsYO6ofLaD4DsGZ0jGwxp4HrzD2YKulpEZXmgN3xo4BHJwf7kq49JTRpV0Gx6bxkSUmc9s0EIK1xPbFFpIA==, registry: https://registry.npm.taobao.org/, tarball: https://registry.npmmirror.com/@typescript-eslint/type-utils/-/type-utils-5.11.0.tgz}
    id: registry.npmmirror.com/@typescript-eslint/type-utils/5.11.0
    name: '@typescript-eslint/type-utils'
    version: 5.11.0
    engines: {node: ^12.22.0 || ^14.17.0 || >=16.0.0}
    peerDependencies:
      eslint: '*'
      typescript: '*'
    peerDependenciesMeta:
      typescript:
        optional: true
    dependencies:
      '@typescript-eslint/utils': registry.npmmirror.com/@typescript-eslint/utils/5.11.0_typescript@4.4.4
      debug: registry.npmmirror.com/debug/4.3.3
      tsutils: registry.npmmirror.com/tsutils/3.21.0_typescript@4.4.4
      typescript: registry.npmmirror.com/typescript/4.4.4
    transitivePeerDependencies:
      - supports-color
    dev: true

  registry.npmmirror.com/@typescript-eslint/types/5.11.0:
    resolution: {integrity: sha512-cxgBFGSRCoBEhvSVLkKw39+kMzUKHlJGVwwMbPcTZX3qEhuXhrjwaZXWMxVfxDgyMm+b5Q5b29Llo2yow8Y7xQ==, registry: https://registry.npm.taobao.org/, tarball: https://registry.npmmirror.com/@typescript-eslint/types/-/types-5.11.0.tgz}
    name: '@typescript-eslint/types'
    version: 5.11.0
    engines: {node: ^12.22.0 || ^14.17.0 || >=16.0.0}
    dev: true

  registry.npmmirror.com/@typescript-eslint/typescript-estree/5.11.0_typescript@4.4.4:
    resolution: {integrity: sha512-yVH9hKIv3ZN3lw8m/Jy5I4oXO4ZBMqijcXCdA4mY8ull6TPTAoQnKKrcZ0HDXg7Bsl0Unwwx7jcXMuNZc0m4lg==, registry: https://registry.npm.taobao.org/, tarball: https://registry.npmmirror.com/@typescript-eslint/typescript-estree/-/typescript-estree-5.11.0.tgz}
    id: registry.npmmirror.com/@typescript-eslint/typescript-estree/5.11.0
    name: '@typescript-eslint/typescript-estree'
    version: 5.11.0
    engines: {node: ^12.22.0 || ^14.17.0 || >=16.0.0}
    peerDependencies:
      typescript: '*'
    peerDependenciesMeta:
      typescript:
        optional: true
    dependencies:
      '@typescript-eslint/types': registry.npmmirror.com/@typescript-eslint/types/5.11.0
      '@typescript-eslint/visitor-keys': registry.npmmirror.com/@typescript-eslint/visitor-keys/5.11.0
      debug: registry.npmmirror.com/debug/4.3.3
      globby: registry.npmmirror.com/globby/11.1.0
      is-glob: registry.npmmirror.com/is-glob/4.0.3
      semver: registry.npmmirror.com/semver/7.3.5
      tsutils: registry.npmmirror.com/tsutils/3.21.0_typescript@4.4.4
      typescript: registry.npmmirror.com/typescript/4.4.4
    transitivePeerDependencies:
      - supports-color
    dev: true

  registry.npmmirror.com/@typescript-eslint/utils/5.11.0_typescript@4.4.4:
    resolution: {integrity: sha512-g2I480tFE1iYRDyMhxPAtLQ9HAn0jjBtipgTCZmd9I9s11OV8CTsG+YfFciuNDcHqm4csbAgC2aVZCHzLxMSUw==, registry: https://registry.npm.taobao.org/, tarball: https://registry.npmmirror.com/@typescript-eslint/utils/-/utils-5.11.0.tgz}
    id: registry.npmmirror.com/@typescript-eslint/utils/5.11.0
    name: '@typescript-eslint/utils'
    version: 5.11.0
    engines: {node: ^12.22.0 || ^14.17.0 || >=16.0.0}
    peerDependencies:
      eslint: ^6.0.0 || ^7.0.0 || ^8.0.0
    dependencies:
      '@types/json-schema': registry.npmmirror.com/@types/json-schema/7.0.9
      '@typescript-eslint/scope-manager': registry.npmmirror.com/@typescript-eslint/scope-manager/5.11.0
      '@typescript-eslint/types': registry.npmmirror.com/@typescript-eslint/types/5.11.0
      '@typescript-eslint/typescript-estree': registry.npmmirror.com/@typescript-eslint/typescript-estree/5.11.0_typescript@4.4.4
      eslint-scope: registry.npmmirror.com/eslint-scope/5.1.1
      eslint-utils: registry.npmmirror.com/eslint-utils/3.0.0
    transitivePeerDependencies:
      - supports-color
      - typescript
    dev: true

  registry.npmmirror.com/@typescript-eslint/visitor-keys/5.11.0:
    resolution: {integrity: sha512-E8w/vJReMGuloGxJDkpPlGwhxocxOpSVgSvjiLO5IxZPmxZF30weOeJYyPSEACwM+X4NziYS9q+WkN/2DHYQwA==, registry: https://registry.npm.taobao.org/, tarball: https://registry.npmmirror.com/@typescript-eslint/visitor-keys/-/visitor-keys-5.11.0.tgz}
    name: '@typescript-eslint/visitor-keys'
    version: 5.11.0
    engines: {node: ^12.22.0 || ^14.17.0 || >=16.0.0}
    dependencies:
      '@typescript-eslint/types': registry.npmmirror.com/@typescript-eslint/types/5.11.0
      eslint-visitor-keys: registry.npmmirror.com/eslint-visitor-keys/3.2.0
    dev: true

  registry.npmmirror.com/array-union/2.1.0:
    resolution: {integrity: sha512-HGyxoOTYUyCM6stUe6EJgnd4EoewAI7zMdfqO+kGjnlZmBDz/cR5pf8r/cR4Wq60sL/p0IkcjUEEPwS3GFrIyw==, registry: https://registry.npm.taobao.org/, tarball: https://registry.npmmirror.com/array-union/-/array-union-2.1.0.tgz}
    name: array-union
    version: 2.1.0
    engines: {node: '>=8'}
    dev: true

  registry.npmmirror.com/braces/3.0.2:
    resolution: {integrity: sha512-b8um+L1RzM3WDSzvhm6gIz1yfTbBt6YTlcEKAvsmqCZZFw46z626lVj9j1yEPW33H5H+lBQpZMP1k8l+78Ha0A==, registry: https://registry.npm.taobao.org/, tarball: https://registry.npmmirror.com/braces/-/braces-3.0.2.tgz}
    name: braces
    version: 3.0.2
    engines: {node: '>=8'}
    dependencies:
      fill-range: registry.npmmirror.com/fill-range/7.0.1
    dev: true

  registry.npmmirror.com/builtin-modules/3.2.0:
    resolution: {integrity: sha512-lGzLKcioL90C7wMczpkY0n/oART3MbBa8R9OFGE1rJxoVI86u4WAGfEk8Wjv10eKSyTHVGkSo3bvBylCEtk7LA==, registry: https://registry.npm.taobao.org/, tarball: https://registry.npmmirror.com/builtin-modules/-/builtin-modules-3.2.0.tgz}
    name: builtin-modules
    version: 3.2.0
    engines: {node: '>=6'}
    dev: true

  registry.npmmirror.com/debug/4.3.3:
    resolution: {integrity: sha512-/zxw5+vh1Tfv+4Qn7a5nsbcJKPaSvCDhojn6FEl9vupwK2VCSDtEiEtqr8DFtzYFOdz63LBkxec7DYuc2jon6Q==, registry: https://registry.npm.taobao.org/, tarball: https://registry.npmmirror.com/debug/-/debug-4.3.3.tgz}
    name: debug
    version: 4.3.3
    engines: {node: '>=6.0'}
    peerDependencies:
      supports-color: '*'
    peerDependenciesMeta:
      supports-color:
        optional: true
    dependencies:
      ms: registry.npmmirror.com/ms/2.1.2
    dev: true

  registry.npmmirror.com/dir-glob/3.0.1:
    resolution: {integrity: sha512-WkrWp9GR4KXfKGYzOLmTuGVi1UWFfws377n9cc55/tb6DuqyF6pcQ5AbiHEshaDpY9v6oaSr2XCDidGmMwdzIA==, registry: https://registry.npm.taobao.org/, tarball: https://registry.npmmirror.com/dir-glob/-/dir-glob-3.0.1.tgz}
    name: dir-glob
    version: 3.0.1
    engines: {node: '>=8'}
    dependencies:
      path-type: registry.npmmirror.com/path-type/4.0.0
    dev: true

  registry.npmmirror.com/esbuild-android-arm64/0.13.12:
    resolution: {integrity: sha512-TSVZVrb4EIXz6KaYjXfTzPyyRpXV5zgYIADXtQsIenjZ78myvDGaPi11o4ZSaHIwFHsuwkB6ne5SZRBwAQ7maw==, registry: https://registry.npm.taobao.org/, tarball: https://registry.npmmirror.com/esbuild-android-arm64/-/esbuild-android-arm64-0.13.12.tgz}
    name: esbuild-android-arm64
    version: 0.13.12
    cpu: [arm64]
    os: [android]
    requiresBuild: true
    dev: true
    optional: true

  registry.npmmirror.com/esbuild-darwin-64/0.13.12:
    resolution: {integrity: sha512-c51C+N+UHySoV2lgfWSwwmlnLnL0JWj/LzuZt9Ltk9ub1s2Y8cr6SQV5W3mqVH1egUceew6KZ8GyI4nwu+fhsw==, registry: https://registry.npm.taobao.org/, tarball: https://registry.npmmirror.com/esbuild-darwin-64/-/esbuild-darwin-64-0.13.12.tgz}
    name: esbuild-darwin-64
    version: 0.13.12
    cpu: [x64]
    os: [darwin]
    requiresBuild: true
    dev: true
    optional: true

  registry.npmmirror.com/esbuild-darwin-arm64/0.13.12:
    resolution: {integrity: sha512-JvAMtshP45Hd8A8wOzjkY1xAnTKTYuP/QUaKp5eUQGX+76GIie3fCdUUr2ZEKdvpSImNqxiZSIMziEiGB5oUmQ==, registry: https://registry.npm.taobao.org/, tarball: https://registry.npmmirror.com/esbuild-darwin-arm64/-/esbuild-darwin-arm64-0.13.12.tgz}
    name: esbuild-darwin-arm64
    version: 0.13.12
    cpu: [arm64]
    os: [darwin]
    requiresBuild: true
    dev: true
    optional: true

  registry.npmmirror.com/esbuild-freebsd-64/0.13.12:
    resolution: {integrity: sha512-r6On/Skv9f0ZjTu6PW5o7pdXr8aOgtFOEURJZYf1XAJs0IQ+gW+o1DzXjVkIoT+n1cm3N/t1KRJfX71MPg/ZUA==, registry: https://registry.npm.taobao.org/, tarball: https://registry.npmmirror.com/esbuild-freebsd-64/-/esbuild-freebsd-64-0.13.12.tgz}
    name: esbuild-freebsd-64
    version: 0.13.12
    cpu: [x64]
    os: [freebsd]
    requiresBuild: true
    dev: true
    optional: true

  registry.npmmirror.com/esbuild-freebsd-arm64/0.13.12:
    resolution: {integrity: sha512-F6LmI2Q1gii073kmBE3NOTt/6zLL5zvZsxNLF8PMAwdHc+iBhD1vzfI8uQZMJA1IgXa3ocr3L3DJH9fLGXy6Yw==, registry: https://registry.npm.taobao.org/, tarball: https://registry.npmmirror.com/esbuild-freebsd-arm64/-/esbuild-freebsd-arm64-0.13.12.tgz}
    name: esbuild-freebsd-arm64
    version: 0.13.12
    cpu: [arm64]
    os: [freebsd]
    requiresBuild: true
    dev: true
    optional: true

  registry.npmmirror.com/esbuild-linux-32/0.13.12:
    resolution: {integrity: sha512-U1UZwG3UIwF7/V4tCVAo/nkBV9ag5KJiJTt+gaCmLVWH3bPLX7y+fNlhIWZy8raTMnXhMKfaTvWZ9TtmXzvkuQ==, registry: https://registry.npm.taobao.org/, tarball: https://registry.npmmirror.com/esbuild-linux-32/-/esbuild-linux-32-0.13.12.tgz}
    name: esbuild-linux-32
    version: 0.13.12
    cpu: [ia32]
    os: [linux]
    requiresBuild: true
    dev: true
    optional: true

  registry.npmmirror.com/esbuild-linux-64/0.13.12:
    resolution: {integrity: sha512-YpXSwtu2NxN3N4ifJxEdsgd6Q5d8LYqskrAwjmoCT6yQnEHJSF5uWcxv783HWN7lnGpJi9KUtDvYsnMdyGw71Q==, registry: https://registry.npm.taobao.org/, tarball: https://registry.npmmirror.com/esbuild-linux-64/-/esbuild-linux-64-0.13.12.tgz}
    name: esbuild-linux-64
    version: 0.13.12
    cpu: [x64]
    os: [linux]
    requiresBuild: true
    dev: true
    optional: true

  registry.npmmirror.com/esbuild-linux-arm/0.13.12:
    resolution: {integrity: sha512-SyiT/JKxU6J+DY2qUiSLZJqCAftIt3uoGejZ0HDnUM2MGJqEGSGh7p1ecVL2gna3PxS4P+j6WAehCwgkBPXNIw==, registry: https://registry.npm.taobao.org/, tarball: https://registry.npmmirror.com/esbuild-linux-arm/-/esbuild-linux-arm-0.13.12.tgz}
    name: esbuild-linux-arm
    version: 0.13.12
    cpu: [arm]
    os: [linux]
    requiresBuild: true
    dev: true
    optional: true

  registry.npmmirror.com/esbuild-linux-arm64/0.13.12:
    resolution: {integrity: sha512-sgDNb8kb3BVodtAlcFGgwk+43KFCYjnFOaOfJibXnnIojNWuJHpL6aQJ4mumzNWw8Rt1xEtDQyuGK9f+Y24jGA==, registry: https://registry.npm.taobao.org/, tarball: https://registry.npmmirror.com/esbuild-linux-arm64/-/esbuild-linux-arm64-0.13.12.tgz}
    name: esbuild-linux-arm64
    version: 0.13.12
    cpu: [arm64]
    os: [linux]
    requiresBuild: true
    dev: true
    optional: true

  registry.npmmirror.com/esbuild-linux-mips64le/0.13.12:
    resolution: {integrity: sha512-qQJHlZBG+QwVIA8AbTEtbvF084QgDi4DaUsUnA+EolY1bxrG+UyOuGflM2ZritGhfS/k7THFjJbjH2wIeoKA2g==, registry: https://registry.npm.taobao.org/, tarball: https://registry.npmmirror.com/esbuild-linux-mips64le/-/esbuild-linux-mips64le-0.13.12.tgz}
    name: esbuild-linux-mips64le
    version: 0.13.12
    cpu: [mips64el]
    os: [linux]
    requiresBuild: true
    dev: true
    optional: true

  registry.npmmirror.com/esbuild-linux-ppc64le/0.13.12:
    resolution: {integrity: sha512-2dSnm1ldL7Lppwlo04CGQUpwNn5hGqXI38OzaoPOkRsBRWFBozyGxTFSee/zHFS+Pdh3b28JJbRK3owrrRgWNw==, registry: https://registry.npm.taobao.org/, tarball: https://registry.npmmirror.com/esbuild-linux-ppc64le/-/esbuild-linux-ppc64le-0.13.12.tgz}
    name: esbuild-linux-ppc64le
    version: 0.13.12
    cpu: [ppc64]
    os: [linux]
    requiresBuild: true
    dev: true
    optional: true

  registry.npmmirror.com/esbuild-netbsd-64/0.13.12:
    resolution: {integrity: sha512-D4raxr02dcRiQNbxOLzpqBzcJNFAdsDNxjUbKkDMZBkL54Z0vZh4LRndycdZAMcIdizC/l/Yp/ZsBdAFxc5nbA==, registry: https://registry.npm.taobao.org/, tarball: https://registry.npmmirror.com/esbuild-netbsd-64/-/esbuild-netbsd-64-0.13.12.tgz}
    name: esbuild-netbsd-64
    version: 0.13.12
    cpu: [x64]
    os: [netbsd]
    requiresBuild: true
    dev: true
    optional: true

  registry.npmmirror.com/esbuild-openbsd-64/0.13.12:
    resolution: {integrity: sha512-KuLCmYMb2kh05QuPJ+va60bKIH5wHL8ypDkmpy47lzwmdxNsuySeCMHuTv5o2Af1RUn5KLO5ZxaZeq4GEY7DaQ==, registry: https://registry.npm.taobao.org/, tarball: https://registry.npmmirror.com/esbuild-openbsd-64/-/esbuild-openbsd-64-0.13.12.tgz}
    name: esbuild-openbsd-64
    version: 0.13.12
    cpu: [x64]
    os: [openbsd]
    requiresBuild: true
    dev: true
    optional: true

  registry.npmmirror.com/esbuild-plugin-import-glob/0.1.1:
    resolution: {integrity: sha512-yAFH+9AoIcsQkODSx0KUPRv1FeJUN6Tef8vkPQMcuVkc2vXYneYKsHhOiFS/yIsg5bQ70HHtAlXVA1uTjgoJXg==, registry: https://registry.npm.taobao.org/, tarball: https://registry.npmmirror.com/esbuild-plugin-import-glob/-/esbuild-plugin-import-glob-0.1.1.tgz}
    name: esbuild-plugin-import-glob
    version: 0.1.1
    dependencies:
      fast-glob: registry.npmmirror.com/fast-glob/3.2.11
    dev: true

  registry.npmmirror.com/esbuild-sunos-64/0.13.12:
    resolution: {integrity: sha512-jBsF+e0woK3miKI8ufGWKG3o3rY9DpHvCVRn5eburMIIE+2c+y3IZ1srsthKyKI6kkXLvV4Cf/E7w56kLipMXw==, registry: https://registry.npm.taobao.org/, tarball: https://registry.npmmirror.com/esbuild-sunos-64/-/esbuild-sunos-64-0.13.12.tgz}
    name: esbuild-sunos-64
    version: 0.13.12
    cpu: [x64]
    os: [sunos]
    requiresBuild: true
    dev: true
    optional: true

  registry.npmmirror.com/esbuild-windows-32/0.13.12:
    resolution: {integrity: sha512-L9m4lLFQrFeR7F+eLZXG82SbXZfUhyfu6CexZEil6vm+lc7GDCE0Q8DiNutkpzjv1+RAbIGVva9muItQ7HVTkQ==, registry: https://registry.npm.taobao.org/, tarball: https://registry.npmmirror.com/esbuild-windows-32/-/esbuild-windows-32-0.13.12.tgz}
    name: esbuild-windows-32
    version: 0.13.12
    cpu: [ia32]
    os: [win32]
    requiresBuild: true
    dev: true
    optional: true

  registry.npmmirror.com/esbuild-windows-64/0.13.12:
    resolution: {integrity: sha512-k4tX4uJlSbSkfs78W5d9+I9gpd+7N95W7H2bgOMFPsYREVJs31+Q2gLLHlsnlY95zBoPQMIzHooUIsixQIBjaQ==, registry: https://registry.npm.taobao.org/, tarball: https://registry.npmmirror.com/esbuild-windows-64/-/esbuild-windows-64-0.13.12.tgz}
    name: esbuild-windows-64
    version: 0.13.12
    cpu: [x64]
    os: [win32]
    requiresBuild: true
    dev: true
    optional: true

  registry.npmmirror.com/esbuild-windows-arm64/0.13.12:
    resolution: {integrity: sha512-2tTv/BpYRIvuwHpp2M960nG7uvL+d78LFW/ikPItO+2GfK51CswIKSetSpDii+cjz8e9iSPgs+BU4o8nWICBwQ==, registry: https://registry.npm.taobao.org/, tarball: https://registry.npmmirror.com/esbuild-windows-arm64/-/esbuild-windows-arm64-0.13.12.tgz}
    name: esbuild-windows-arm64
    version: 0.13.12
    cpu: [arm64]
    os: [win32]
    requiresBuild: true
    dev: true
    optional: true

  registry.npmmirror.com/esbuild/0.13.12:
    resolution: {integrity: sha512-vTKKUt+yoz61U/BbrnmlG9XIjwpdIxmHB8DlPR0AAW6OdS+nBQBci6LUHU2q9WbBobMEIQxxDpKbkmOGYvxsow==, registry: https://registry.npm.taobao.org/, tarball: https://registry.npmmirror.com/esbuild/-/esbuild-0.13.12.tgz}
    name: esbuild
    version: 0.13.12
    hasBin: true
    requiresBuild: true
    optionalDependencies:
      esbuild-android-arm64: registry.npmmirror.com/esbuild-android-arm64/0.13.12
      esbuild-darwin-64: registry.npmmirror.com/esbuild-darwin-64/0.13.12
      esbuild-darwin-arm64: registry.npmmirror.com/esbuild-darwin-arm64/0.13.12
      esbuild-freebsd-64: registry.npmmirror.com/esbuild-freebsd-64/0.13.12
      esbuild-freebsd-arm64: registry.npmmirror.com/esbuild-freebsd-arm64/0.13.12
      esbuild-linux-32: registry.npmmirror.com/esbuild-linux-32/0.13.12
      esbuild-linux-64: registry.npmmirror.com/esbuild-linux-64/0.13.12
      esbuild-linux-arm: registry.npmmirror.com/esbuild-linux-arm/0.13.12
      esbuild-linux-arm64: registry.npmmirror.com/esbuild-linux-arm64/0.13.12
      esbuild-linux-mips64le: registry.npmmirror.com/esbuild-linux-mips64le/0.13.12
      esbuild-linux-ppc64le: registry.npmmirror.com/esbuild-linux-ppc64le/0.13.12
      esbuild-netbsd-64: registry.npmmirror.com/esbuild-netbsd-64/0.13.12
      esbuild-openbsd-64: registry.npmmirror.com/esbuild-openbsd-64/0.13.12
      esbuild-sunos-64: registry.npmmirror.com/esbuild-sunos-64/0.13.12
      esbuild-windows-32: registry.npmmirror.com/esbuild-windows-32/0.13.12
      esbuild-windows-64: registry.npmmirror.com/esbuild-windows-64/0.13.12
      esbuild-windows-arm64: registry.npmmirror.com/esbuild-windows-arm64/0.13.12
    dev: true

  registry.npmmirror.com/eslint-scope/5.1.1:
    resolution: {integrity: sha512-2NxwbF/hZ0KpepYN0cNbo+FN6XoK7GaHlQhgx/hIZl6Va0bF45RQOOwhLIy8lQDbuCiadSLCBnH2CFYquit5bw==, registry: https://registry.npm.taobao.org/, tarball: https://registry.npmmirror.com/eslint-scope/-/eslint-scope-5.1.1.tgz}
    name: eslint-scope
    version: 5.1.1
    engines: {node: '>=8.0.0'}
    dependencies:
      esrecurse: registry.npmmirror.com/esrecurse/4.3.0
      estraverse: registry.npmmirror.com/estraverse/4.3.0
    dev: true

  registry.npmmirror.com/eslint-utils/3.0.0:
    resolution: {integrity: sha512-uuQC43IGctw68pJA1RgbQS8/NP7rch6Cwd4j3ZBtgo4/8Flj4eGE7ZYSZRN3iq5pVUv6GPdW5Z1RFleo84uLDA==, registry: https://registry.npm.taobao.org/, tarball: https://registry.npmmirror.com/eslint-utils/-/eslint-utils-3.0.0.tgz}
    name: eslint-utils
    version: 3.0.0
    engines: {node: ^10.0.0 || ^12.0.0 || >= 14.0.0}
    peerDependencies:
      eslint: '>=5'
    dependencies:
      eslint-visitor-keys: registry.npmmirror.com/eslint-visitor-keys/2.1.0
    dev: true

  registry.npmmirror.com/eslint-visitor-keys/2.1.0:
    resolution: {integrity: sha512-0rSmRBzXgDzIsD6mGdJgevzgezI534Cer5L/vyMX0kHzT/jiB43jRhd9YUlMGYLQy2zprNmoT8qasCGtY+QaKw==, registry: https://registry.npm.taobao.org/, tarball: https://registry.npmmirror.com/eslint-visitor-keys/-/eslint-visitor-keys-2.1.0.tgz}
    name: eslint-visitor-keys
    version: 2.1.0
    engines: {node: '>=10'}
    dev: true

  registry.npmmirror.com/eslint-visitor-keys/3.2.0:
    resolution: {integrity: sha512-IOzT0X126zn7ALX0dwFiUQEdsfzrm4+ISsQS8nukaJXwEyYKRSnEIIDULYg1mCtGp7UUXgfGl7BIolXREQK+XQ==, registry: https://registry.npm.taobao.org/, tarball: https://registry.npmmirror.com/eslint-visitor-keys/-/eslint-visitor-keys-3.2.0.tgz}
    name: eslint-visitor-keys
    version: 3.2.0
    engines: {node: ^12.22.0 || ^14.17.0 || >=16.0.0}
    dev: true

  registry.npmmirror.com/esrecurse/4.3.0:
    resolution: {integrity: sha512-KmfKL3b6G+RXvP8N1vr3Tq1kL/oCFgn2NYXEtqP8/L3pKapUA4G8cFVaoF3SU323CD4XypR/ffioHmkti6/Tag==, registry: https://registry.npm.taobao.org/, tarball: https://registry.npmmirror.com/esrecurse/-/esrecurse-4.3.0.tgz}
    name: esrecurse
    version: 4.3.0
    engines: {node: '>=4.0'}
    dependencies:
      estraverse: registry.npmmirror.com/estraverse/5.3.0
    dev: true

  registry.npmmirror.com/estraverse/4.3.0:
    resolution: {integrity: sha512-39nnKffWz8xN1BU/2c79n9nB9HDzo0niYUqx6xyqUnyoAnQyyWpOTdZEeiCch8BBu515t4wp9ZmgVfVhn9EBpw==, registry: https://registry.npm.taobao.org/, tarball: https://registry.npmmirror.com/estraverse/-/estraverse-4.3.0.tgz}
    name: estraverse
    version: 4.3.0
    engines: {node: '>=4.0'}
    dev: true

  registry.npmmirror.com/estraverse/5.3.0:
    resolution: {integrity: sha512-MMdARuVEQziNTeJD8DgMqmhwR11BRQ/cBP+pLtYdSTnf3MIO8fFeiINEbX36ZdNlfU/7A9f3gUw49B3oQsvwBA==, registry: https://registry.npm.taobao.org/, tarball: https://registry.npmmirror.com/estraverse/-/estraverse-5.3.0.tgz}
    name: estraverse
    version: 5.3.0
    engines: {node: '>=4.0'}
    dev: true

  registry.npmmirror.com/fast-glob/3.2.11:
    resolution: {integrity: sha512-xrO3+1bxSo3ZVHAnqzyuewYT6aMFHRAd4Kcs92MAonjwQZLsK9d0SF1IyQ3k5PoirxTW0Oe/RqFgMQ6TcNE5Ew==, registry: https://registry.npm.taobao.org/, tarball: https://registry.npmmirror.com/fast-glob/-/fast-glob-3.2.11.tgz}
    name: fast-glob
    version: 3.2.11
    engines: {node: '>=8.6.0'}
    dependencies:
      '@nodelib/fs.stat': registry.npmmirror.com/@nodelib/fs.stat/2.0.5
      '@nodelib/fs.walk': registry.npmmirror.com/@nodelib/fs.walk/1.2.8
      glob-parent: registry.npmmirror.com/glob-parent/5.1.2
      merge2: registry.npmmirror.com/merge2/1.4.1
      micromatch: registry.npmmirror.com/micromatch/4.0.4
    dev: true

  registry.npmmirror.com/fastq/1.13.0:
    resolution: {integrity: sha512-YpkpUnK8od0o1hmeSc7UUs/eB/vIPWJYjKck2QKIzAf71Vm1AAQ3EbuZB3g2JIy+pg+ERD0vqI79KyZiB2e2Nw==, registry: https://registry.npm.taobao.org/, tarball: https://registry.npmmirror.com/fastq/-/fastq-1.13.0.tgz}
    name: fastq
    version: 1.13.0
    dependencies:
      reusify: registry.npmmirror.com/reusify/1.0.4
    dev: true

  registry.npmmirror.com/fill-range/7.0.1:
    resolution: {integrity: sha512-qOo9F+dMUmC2Lcb4BbVvnKJxTPjCm+RRpe4gDuGrzkL7mEVl/djYSu2OdQ2Pa302N4oqkSg9ir6jaLWJ2USVpQ==, registry: https://registry.npm.taobao.org/, tarball: https://registry.npmmirror.com/fill-range/-/fill-range-7.0.1.tgz}
    name: fill-range
    version: 7.0.1
    engines: {node: '>=8'}
    dependencies:
      to-regex-range: registry.npmmirror.com/to-regex-range/5.0.1
    dev: true

  registry.npmmirror.com/functional-red-black-tree/1.0.1:
    resolution: {integrity: sha512-dsKNQNdj6xA3T+QlADDA7mOSlX0qiMINjn0cgr+eGHGsbSHzTabcIogz2+p/iqP1Xs6EP/sS2SbqH+brGTbq0g==, registry: https://registry.npm.taobao.org/, tarball: https://registry.npmmirror.com/functional-red-black-tree/-/functional-red-black-tree-1.0.1.tgz}
    name: functional-red-black-tree
    version: 1.0.1
    dev: true

  registry.npmmirror.com/glob-parent/5.1.2:
    resolution: {integrity: sha512-AOIgSQCepiJYwP3ARnGx+5VnTu2HBYdzbGP45eLw1vr3zB3vZLeyed1sC9hnbcOc9/SrMyM5RPQrkGz4aS9Zow==, registry: https://registry.npm.taobao.org/, tarball: https://registry.npmmirror.com/glob-parent/-/glob-parent-5.1.2.tgz}
    name: glob-parent
    version: 5.1.2
    engines: {node: '>= 6'}
    dependencies:
      is-glob: registry.npmmirror.com/is-glob/4.0.3
    dev: true

  registry.npmmirror.com/globby/11.1.0:
    resolution: {integrity: sha512-jhIXaOzy1sb8IyocaruWSn1TjmnBVs8Ayhcy83rmxNJ8q2uWKCAj3CnJY+KpGSXCueAPc0i05kVvVKtP1t9S3g==, registry: https://registry.npm.taobao.org/, tarball: https://registry.npmmirror.com/globby/-/globby-11.1.0.tgz}
    name: globby
    version: 11.1.0
    engines: {node: '>=10'}
    dependencies:
      array-union: registry.npmmirror.com/array-union/2.1.0
      dir-glob: registry.npmmirror.com/dir-glob/3.0.1
      fast-glob: registry.npmmirror.com/fast-glob/3.2.11
      ignore: registry.npmmirror.com/ignore/5.2.0
      merge2: registry.npmmirror.com/merge2/1.4.1
      slash: registry.npmmirror.com/slash/3.0.0
    dev: true

  registry.npmmirror.com/ignore/5.2.0:
    resolution: {integrity: sha512-CmxgYGiEPCLhfLnpPp1MoRmifwEIOgjcHXxOBjv7mY96c+eWScsOP9c112ZyLdWHi0FxHjI+4uVhKYp/gcdRmQ==, registry: https://registry.npm.taobao.org/, tarball: https://registry.npmmirror.com/ignore/-/ignore-5.2.0.tgz}
    name: ignore
    version: 5.2.0
    engines: {node: '>= 4'}
    dev: true

  registry.npmmirror.com/is-extglob/2.1.1:
    resolution: {integrity: sha512-SbKbANkN603Vi4jEZv49LeVJMn4yGwsbzZworEoyEiutsN3nJYdbO36zfhGJ6QEDpOZIFkDtnq5JRxmvl3jsoQ==, registry: https://registry.npm.taobao.org/, tarball: https://registry.npmmirror.com/is-extglob/-/is-extglob-2.1.1.tgz}
    name: is-extglob
    version: 2.1.1
    engines: {node: '>=0.10.0'}
    dev: true

  registry.npmmirror.com/is-glob/4.0.3:
    resolution: {integrity: sha512-xelSayHH36ZgE7ZWhli7pW34hNbNl8Ojv5KVmkJD4hBdD3th8Tfk9vYasLM+mXWOZhFkgZfxhLSnrwRr4elSSg==, registry: https://registry.npm.taobao.org/, tarball: https://registry.npmmirror.com/is-glob/-/is-glob-4.0.3.tgz}
    name: is-glob
    version: 4.0.3
    engines: {node: '>=0.10.0'}
    dependencies:
      is-extglob: registry.npmmirror.com/is-extglob/2.1.1
    dev: true

  registry.npmmirror.com/is-number/7.0.0:
    resolution: {integrity: sha512-41Cifkg6e8TylSpdtTpeLVMqvSBEVzTttHvERD741+pnZ8ANv0004MRL43QKPDlK9cGvNp6NZWZUBlbGXYxxng==, registry: https://registry.npm.taobao.org/, tarball: https://registry.npmmirror.com/is-number/-/is-number-7.0.0.tgz}
    name: is-number
    version: 7.0.0
    engines: {node: '>=0.12.0'}
    dev: true

  registry.npmmirror.com/lru-cache/6.0.0:
    resolution: {integrity: sha512-Jo6dJ04CmSjuznwJSS3pUeWmd/H0ffTlkXXgwZi+eq1UCmqQwCh+eLsYOYCwY991i2Fah4h1BEMCx4qThGbsiA==, registry: https://registry.npm.taobao.org/, tarball: https://registry.npmmirror.com/lru-cache/-/lru-cache-6.0.0.tgz}
    name: lru-cache
    version: 6.0.0
    engines: {node: '>=10'}
    dependencies:
      yallist: registry.npmmirror.com/yallist/4.0.0
    dev: true

  registry.npmmirror.com/merge2/1.4.1:
    resolution: {integrity: sha512-8q7VEgMJW4J8tcfVPy8g09NcQwZdbwFEqhe/WZkoIzjn/3TGDwtOCYtXGxA3O8tPzpczCCDgv+P2P5y00ZJOOg==, registry: https://registry.npm.taobao.org/, tarball: https://registry.npmmirror.com/merge2/-/merge2-1.4.1.tgz}
    name: merge2
    version: 1.4.1
    engines: {node: '>= 8'}
    dev: true

  registry.npmmirror.com/micromatch/4.0.4:
    resolution: {integrity: sha512-pRmzw/XUcwXGpD9aI9q/0XOwLNygjETJ8y0ao0wdqprrzDa4YnxLcz7fQRZr8voh8V10kGhABbNcHVk5wHgWwg==, registry: https://registry.npm.taobao.org/, tarball: https://registry.npmmirror.com/micromatch/-/micromatch-4.0.4.tgz}
    name: micromatch
    version: 4.0.4
    engines: {node: '>=8.6'}
    dependencies:
      braces: registry.npmmirror.com/braces/3.0.2
      picomatch: registry.npmmirror.com/picomatch/2.3.1
    dev: true

  registry.npmmirror.com/moment/2.29.1:
    resolution: {integrity: sha512-kHmoybcPV8Sqy59DwNDY3Jefr64lK/by/da0ViFcuA4DH0vQg5Q6Ze5VimxkfQNSC+Mls/Kx53s7TjP1RhFEDQ==, registry: https://registry.npm.taobao.org/, tarball: https://registry.npmmirror.com/moment/download/moment-2.29.1.tgz}
    name: moment
    version: 2.29.1
    dev: true

  registry.npmmirror.com/ms/2.1.2:
    resolution: {integrity: sha1-0J0fNXtEP0kzgqjrPM0YOHKuYAk=, registry: https://registry.npm.taobao.org/, tarball: https://registry.npmmirror.com/ms/download/ms-2.1.2.tgz?cache=0&sync_timestamp=1632788163669&other_urls=https%3A%2F%2Fregistry.npmmirror.com%2Fms%2Fdownload%2Fms-2.1.2.tgz}
    name: ms
    version: 2.1.2
    dev: true

  registry.npmmirror.com/obsidian/0.12.17:
    resolution: {integrity: sha512-YvCAlRym9D8zNPXt6Ez8QubSTVGoChx6lb58zqI13Dcrz3l1lgUO+pcOGDiD5Qa67nzDZLXo3aV2rqkCCpTvGQ==, registry: https://registry.npm.taobao.org/, tarball: https://registry.npmmirror.com/obsidian/-/obsidian-0.12.17.tgz}
    name: obsidian
    version: 0.12.17
    dependencies:
      '@types/codemirror': registry.npmmirror.com/@types/codemirror/0.0.108
      moment: registry.npmmirror.com/moment/2.29.1
    dev: true

  registry.npmmirror.com/path-type/4.0.0:
    resolution: {integrity: sha512-gDKb8aZMDeD/tZWs9P6+q0J9Mwkdl6xMV8TjnGP3qJVJ06bdMgkbBlLU8IdfOsIsFz2BW1rNVT3XuNEl8zPAvw==, registry: https://registry.npm.taobao.org/, tarball: https://registry.npmmirror.com/path-type/-/path-type-4.0.0.tgz}
    name: path-type
    version: 4.0.0
    engines: {node: '>=8'}
    dev: true

  registry.npmmirror.com/picomatch/2.3.1:
    resolution: {integrity: sha512-JU3teHTNjmE2VCGFzuY8EXzCDVwEqB2a8fsIvwaStHhAWJEeVd1o1QD80CU6+ZdEXXSLbSsuLwJjkCBWqRQUVA==, registry: https://registry.npm.taobao.org/, tarball: https://registry.npmmirror.com/picomatch/-/picomatch-2.3.1.tgz}
    name: picomatch
    version: 2.3.1
    engines: {node: '>=8.6'}
    dev: true

  registry.npmmirror.com/queue-microtask/1.2.3:
    resolution: {integrity: sha512-NuaNSa6flKT5JaSYQzJok04JzTL1CA6aGhv5rfLW3PgqA+M2ChpZQnAC8h8i4ZFkBS8X5RqkDBHA7r4hej3K9A==, registry: https://registry.npm.taobao.org/, tarball: https://registry.npmmirror.com/queue-microtask/-/queue-microtask-1.2.3.tgz}
    name: queue-microtask
    version: 1.2.3
    dev: true

  registry.npmmirror.com/regexpp/3.2.0:
    resolution: {integrity: sha512-pq2bWo9mVD43nbts2wGv17XLiNLya+GklZ8kaDLV2Z08gDCsGpnKn9BFMepvWuHCbyVvY7J5o5+BVvoQbmlJLg==, registry: https://registry.npm.taobao.org/, tarball: https://registry.npmmirror.com/regexpp/-/regexpp-3.2.0.tgz}
    name: regexpp
    version: 3.2.0
    engines: {node: '>=8'}
    dev: true

  registry.npmmirror.com/reusify/1.0.4:
    resolution: {integrity: sha512-U9nH88a3fc/ekCF1l0/UP1IosiuIjyTh7hBvXVMHYgVcfGvt897Xguj2UOLDeI5BG2m7/uwyaLVT6fbtCwTyzw==, registry: https://registry.npm.taobao.org/, tarball: https://registry.npmmirror.com/reusify/-/reusify-1.0.4.tgz}
    name: reusify
    version: 1.0.4
    engines: {iojs: '>=1.0.0', node: '>=0.10.0'}
    dev: true

  registry.npmmirror.com/run-parallel/1.2.0:
    resolution: {integrity: sha512-5l4VyZR86LZ/lDxZTR6jqL8AFE2S0IFLMP26AbjsLVADxHdhB/c0GUsH+y39UfCi3dzz8OlQuPmnaJOMoDHQBA==, registry: https://registry.npm.taobao.org/, tarball: https://registry.npmmirror.com/run-parallel/-/run-parallel-1.2.0.tgz}
    name: run-parallel
    version: 1.2.0
    dependencies:
      queue-microtask: registry.npmmirror.com/queue-microtask/1.2.3
    dev: true

  registry.npmmirror.com/semver/7.3.5:
    resolution: {integrity: sha512-PoeGJYh8HK4BTO/a9Tf6ZG3veo/A7ZVsYrSA6J8ny9nb3B1VrpkuN+z9OE5wfE5p6H4LchYZsegiQgbJD94ZFQ==, registry: https://registry.npm.taobao.org/, tarball: https://registry.npmmirror.com/semver/-/semver-7.3.5.tgz}
    name: semver
    version: 7.3.5
    engines: {node: '>=10'}
    hasBin: true
    dependencies:
      lru-cache: registry.npmmirror.com/lru-cache/6.0.0
    dev: true

  registry.npmmirror.com/slash/3.0.0:
    resolution: {integrity: sha512-g9Q1haeby36OSStwb4ntCGGGaKsaVSjQ68fBxoQcutl5fS1vuY18H3wSt3jFyFtrkx+Kz0V1G85A4MyAdDMi2Q==, registry: https://registry.npm.taobao.org/, tarball: https://registry.npmmirror.com/slash/-/slash-3.0.0.tgz}
    name: slash
    version: 3.0.0
    engines: {node: '>=8'}
    dev: true

  registry.npmmirror.com/to-regex-range/5.0.1:
    resolution: {integrity: sha512-65P7iz6X5yEr1cwcgvQxbbIw7Uk3gOy5dIdtZ4rDveLqhrdJP+Li/Hx6tyK0NEb+2GCyneCMJiGqrADCSNk8sQ==, registry: https://registry.npm.taobao.org/, tarball: https://registry.npmmirror.com/to-regex-range/-/to-regex-range-5.0.1.tgz}
    name: to-regex-range
    version: 5.0.1
    engines: {node: '>=8.0'}
    dependencies:
      is-number: registry.npmmirror.com/is-number/7.0.0
    dev: true

  registry.npmmirror.com/tslib/1.14.1:
    resolution: {integrity: sha512-Xni35NKzjgMrwevysHTCArtLDpPvye8zV/0E4EyYn43P7/7qvQwPh9BGkHewbMulVntbigmcT7rdX3BNo9wRJg==, registry: https://registry.npm.taobao.org/, tarball: https://registry.npmmirror.com/tslib/-/tslib-1.14.1.tgz}
    name: tslib
    version: 1.14.1
    dev: true

  registry.npmmirror.com/tslib/2.3.1:
    resolution: {integrity: sha512-77EbyPPpMz+FRFRuAFlWMtmgUWGe9UOG2Z25NqCwiIjRhOf5iKGuzSe5P2w1laq+FkRy4p+PCuVkJSGkzTEKVw==, registry: https://registry.npm.taobao.org/, tarball: https://registry.npmmirror.com/tslib/download/tslib-2.3.1.tgz}
    name: tslib
    version: 2.3.1
    dev: true

  registry.npmmirror.com/tsutils/3.21.0_typescript@4.4.4:
    resolution: {integrity: sha512-mHKK3iUXL+3UF6xL5k0PEhKRUBKPBCv/+RkEOpjRWxxx27KKRBmmA60A9pgOUvMi8GKhRMPEmjBRPzs2W7O1OA==, registry: https://registry.npm.taobao.org/, tarball: https://registry.npmmirror.com/tsutils/-/tsutils-3.21.0.tgz}
    id: registry.npmmirror.com/tsutils/3.21.0
    name: tsutils
    version: 3.21.0
    engines: {node: '>= 6'}
    peerDependencies:
      typescript: '>=2.8.0 || >= 3.2.0-dev || >= 3.3.0-dev || >= 3.4.0-dev || >= 3.5.0-dev || >= 3.6.0-dev || >= 3.6.0-beta || >= 3.7.0-dev || >= 3.7.0-beta'
    dependencies:
      tslib: registry.npmmirror.com/tslib/1.14.1
      typescript: registry.npmmirror.com/typescript/4.4.4
    dev: true

  registry.npmmirror.com/typescript/4.4.4:
    resolution: {integrity: sha512-DqGhF5IKoBl8WNf8C1gu8q0xZSInh9j1kJJMqT3a94w1JzVaBU4EXOSMrz9yDqMT0xt3selp83fuFMQ0uzv6qA==, registry: https://registry.npm.taobao.org/, tarball: https://registry.npmmirror.com/typescript/download/typescript-4.4.4.tgz}
    name: typescript
    version: 4.4.4
    engines: {node: '>=4.2.0'}
    hasBin: true
    dev: true

  registry.npmmirror.com/yallist/4.0.0:
    resolution: {integrity: sha512-3wdGidZyq5PB084XLES5TpOSRA3wjXAlIWMhum2kRcv/41Sn2emQ0dycQW4uZXLejwKvg6EsvbdlVL+FYEct7A==, registry: https://registry.npm.taobao.org/, tarball: https://registry.npmmirror.com/yallist/-/yallist-4.0.0.tgz}
    name: yallist
    version: 4.0.0
    dev: true
